
Microsoft Visual Studio Solution File, Format Version 12.00
# Visual Studio Version 16
VisualStudioVersion = 16.0.31105.61
MinimumVisualStudioVersion = 10.0.40219.1
Project("{9A19103F-16F7-4668-BE54-9A1E7A4F7556}") = "Jquery_Ajax", "hi\Jquery_Ajax.csproj", "{F36BE5E5-FBC0-49C2-9385-4BA35D1BE426}"
EndProject
Global
	GlobalSection(SolutionConfigurationPlatforms) = preSolution
		Debug|Any CPU = Debug|Any CPU
		Release|Any CPU = Release|Any CPU
	EndGlobalSection
	GlobalSection(ProjectConfigurationPlatforms) = postSolution
		{F36BE5E5-FBC0-49C2-9385-4BA35D1BE426}.Debug|Any CPU.ActiveCfg = Debug|Any CPU
		{F36BE5E5-FBC0-49C2-9385-4BA35D1BE426}.Debug|Any CPU.Build.0 = Debug|Any CPU
		{F36BE5E5-FBC0-49C2-9385-4BA35D1BE426}.Release|Any CPU.ActiveCfg = Release|Any CPU
		{F36BE5E5-FBC0-49C2-9385-4BA35D1BE426}.Release|Any CPU.Build.0 = Release|Any CPU
	EndGlobalSection
	GlobalSection(SolutionProperties) = preSolution
		HideSolutionNode = FALSE
	EndGlobalSection
	GlobalSection(ExtensibilityGlobals) = postSolution
		SolutionGuid = {C50E0A89-ABDE-483B-8033-34C00CC95A68}
	EndGlobalSection
EndGlobal
